
Microsoft Visual Studio Solution File, Format Version 12.00
# Visual Studio Version 16
VisualStudioVersion = 16.0.30517.126
MinimumVisualStudioVersion = 10.0.40219.1
Project("{FAE04EC0-301F-11D3-BF4B-00C04F79EFBC}") = "Greetings", "Greetings\Greetings.csproj", "{C0FF4B48-1F5D-42B1-AE15-B2B445E2E714}"
EndProject
Project("{FAE04EC0-301F-11D3-BF4B-00C04F79EFBC}") = "GreetingsV2", "GreetingsV2\GreetingsV2.csproj", "{31A0C162-9C8D-4417-851A-FC0903A7193F}"
EndProject
Global
	GlobalSection(SolutionConfigurationPlatforms) = preSolution
		Debug|Any CPU = Debug|Any CPU
		Release|Any CPU = Release|Any CPU
	EndGlobalSection
	GlobalSection(ProjectConfigurationPlatforms) = postSolution
		{C0FF4B48-1F5D-42B1-AE15-B2B445E2E714}.Debug|Any CPU.ActiveCfg = Debug|Any CPU
		{C0FF4B48-1F5D-42B1-AE15-B2B445E2E714}.Debug|Any CPU.Build.0 = Debug|Any CPU
		{C0FF4B48-1F5D-42B1-AE15-B2B445E2E714}.Release|Any CPU.ActiveCfg = Release|Any CPU
		{C0FF4B48-1F5D-42B1-AE15-B2B445E2E714}.Release|Any CPU.Build.0 = Release|Any CPU
		{31A0C162-9C8D-4417-851A-FC0903A7193F}.Debug|Any CPU.ActiveCfg = Debug|Any CPU
		{31A0C162-9C8D-4417-851A-FC0903A7193F}.Debug|Any CPU.Build.0 = Debug|Any CPU
		{31A0C162-9C8D-4417-851A-FC0903A7193F}.Release|Any CPU.ActiveCfg = Release|Any CPU
		{31A0C162-9C8D-4417-851A-FC0903A7193F}.Release|Any CPU.Build.0 = Release|Any CPU
	EndGlobalSection
	GlobalSection(SolutionProperties) = preSolution
		HideSolutionNode = FALSE
	EndGlobalSection
	GlobalSection(ExtensibilityGlobals) = postSolution
		SolutionGuid = {EFE10DD4-DC8B-4644-8BA1-9721C6A26171}
	EndGlobalSection
EndGlobal
